// !$*UTF8*$!
{
archiveVersion = 1;
classes = {};
objectVersion = 56;
objects = {
464120BE58E35723ABFE6B9A /* MareDesk.app */ = {isa = PBXFileReference; explicitFileType = wrapper.application; includeInIndex = 0; path = MareDesk.app; sourceTree = BUILT_PRODUCTS_DIR; };
F7EB55A85E7156A99AA83BC0 /* AppDependencies.swift */ = {isa = PBXFileReference; lastKnownFileType = sourcecode.swift; path = AppDependencies.swift; sourceTree = "<group>"; };
F4B6BD7980D05FBC89942A20 /* RootView.swift */ = {isa = PBXFileReference; lastKnownFileType = sourcecode.swift; path = RootView.swift; sourceTree = "<group>"; };
5E3A9D59F9555B8C8D8B6ED3 /* Repositories.swift */ = {isa = PBXFileReference; lastKnownFileType = sourcecode.swift; path = Repositories.swift; sourceTree = "<group>"; };
BD74BF18BC475EA78EBBE1ED /* OverviewAssembler.swift */ = {isa = PBXFileReference; lastKnownFileType = sourcecode.swift; path = OverviewAssembler.swift; sourceTree = "<group>"; };
913D9190258F5C1D9F52D574 /* PortfolioMetricsEngine.swift */ = {isa = PBXFileReference; lastKnownFileType = sourcecode.swift; path = PortfolioMetricsEngine.swift; sourceTree = "<group>"; };
A83B5086126A59EE8B95ADD9 /* FilterHoldingsUseCase.swift */ = {isa = PBXFileReference; lastKnownFileType = sourcecode.swift; path = FilterHoldingsUseCase.swift; sourceTree = "<group>"; };
7B4B64BC02BD52D0877D7D8C /* ImportCaptureUseCase.swift */ = {isa = PBXFileReference; lastKnownFileType = sourcecode.swift; path = ImportCaptureUseCase.swift; sourceTree = "<group>"; };
090A764D85A95FB9BDCCE3B5 /* LoadCaptureHistoryUseCase.swift */ = {isa = PBXFileReference; lastKnownFileType = sourcecode.swift; path = LoadCaptureHistoryUseCase.swift; sourceTree = "<group>"; };
436BD4E00732541196141D73 /* LoadOverviewUseCase.swift */ = {isa = PBXFileReference; lastKnownFileType = sourcecode.swift; path = LoadOverviewUseCase.swift; sourceTree = "<group>"; };
C1989BD3A16D5A00B4DA57B9 /* HoldingStatus.swift */ = {isa = PBXFileReference; lastKnownFileType = sourcecode.swift; path = HoldingStatus.swift; sourceTree = "<group>"; };
A2BD923700D45B19BB69536F /* AssetCategory.swift */ = {isa = PBXFileReference; lastKnownFileType = sourcecode.swift; path = AssetCategory.swift; sourceTree = "<group>"; };
9E104F5332F95BA5B2CDF7DD /* CaptureEvent.swift */ = {isa = PBXFileReference; lastKnownFileType = sourcecode.swift; path = CaptureEvent.swift; sourceTree = "<group>"; };
191A2EEE884C5CB2B79D3003 /* DeskKind.swift */ = {isa = PBXFileReference; lastKnownFileType = sourcecode.swift; path = DeskKind.swift; sourceTree = "<group>"; };
4B4069FCAC635913821389F4 /* FrozenCapturePayload.swift */ = {isa = PBXFileReference; lastKnownFileType = sourcecode.swift; path = FrozenCapturePayload.swift; sourceTree = "<group>"; };
9524858C3E9153B886B70384 /* Holding.swift */ = {isa = PBXFileReference; lastKnownFileType = sourcecode.swift; path = Holding.swift; sourceTree = "<group>"; };
1D32F2B6DA5D56FB80D5C80B /* MacroIndicator.swift */ = {isa = PBXFileReference; lastKnownFileType = sourcecode.swift; path = MacroIndicator.swift; sourceTree = "<group>"; };
EE4C14E1E1C15833AAA12485 /* OperatorMemo.swift */ = {isa = PBXFileReference; lastKnownFileType = sourcecode.swift; path = OperatorMemo.swift; sourceTree = "<group>"; };
604D3B46F7B450DAA5BB450D /* PropertyRecord.swift */ = {isa = PBXFileReference; lastKnownFileType = sourcecode.swift; path = PropertyRecord.swift; sourceTree = "<group>"; };
81D18840238357A4A8B7ACFF /* Money.swift */ = {isa = PBXFileReference; lastKnownFileType = sourcecode.swift; path = Money.swift; sourceTree = "<group>"; };
EF8CD5D11E195FD9961396FA /* CaptureHistoryView.swift */ = {isa = PBXFileReference; lastKnownFileType = sourcecode.swift; path = CaptureHistoryView.swift; sourceTree = "<group>"; };
80F39A188C575C16BC853B5F /* MacroDeskView.swift */ = {isa = PBXFileReference; lastKnownFileType = sourcecode.swift; path = MacroDeskView.swift; sourceTree = "<group>"; };
932F3EBB4BAC597481216EE4 /* OverviewView.swift */ = {isa = PBXFileReference; lastKnownFileType = sourcecode.swift; path = OverviewView.swift; sourceTree = "<group>"; };
145AA7D19F355254997A50A1 /* OverviewViewModel.swift */ = {isa = PBXFileReference; lastKnownFileType = sourcecode.swift; path = OverviewViewModel.swift; sourceTree = "<group>"; };
02150C18FB905A39ADC4D2DC /* PortfolioDeskView.swift */ = {isa = PBXFileReference; lastKnownFileType = sourcecode.swift; path = PortfolioDeskView.swift; sourceTree = "<group>"; };
ACCAB8907AD95BA2A7846AD2 /* PortfolioDeskViewModel.swift */ = {isa = PBXFileReference; lastKnownFileType = sourcecode.swift; path = PortfolioDeskViewModel.swift; sourceTree = "<group>"; };
8059C04FEC3B5E138E9C9C8B /* PropertyDeskView.swift */ = {isa = PBXFileReference; lastKnownFileType = sourcecode.swift; path = PropertyDeskView.swift; sourceTree = "<group>"; };
3A6E2A89356A553CB9D80EA9 /* SettingsView.swift */ = {isa = PBXFileReference; lastKnownFileType = sourcecode.swift; path = SettingsView.swift; sourceTree = "<group>"; };
59B81CD3C6EA528BA900E4D1 /* AIProviders.swift */ = {isa = PBXFileReference; lastKnownFileType = sourcecode.swift; path = AIProviders.swift; sourceTree = "<group>"; };
FE37C28968B156549A32ED64 /* CaptureBundleLocator.swift */ = {isa = PBXFileReference; lastKnownFileType = sourcecode.swift; path = CaptureBundleLocator.swift; sourceTree = "<group>"; };
4D7DC9DD7029560C9DE836F4 /* GMCJSONImporter.swift */ = {isa = PBXFileReference; lastKnownFileType = sourcecode.swift; path = GMCJSONImporter.swift; sourceTree = "<group>"; };
B1C2D3E4F5A6789012345678 /* SecurityScopedAccess.swift */ = {isa = PBXFileReference; lastKnownFileType = sourcecode.swift; path = SecurityScopedAccess.swift; sourceTree = "<group>"; };
2F5EC47B39D150A5A78A4C16 /* AppLogger.swift */ = {isa = PBXFileReference; lastKnownFileType = sourcecode.swift; path = AppLogger.swift; sourceTree = "<group>"; };
C63E9E22B6C9523EA1D53322 /* ModelContainerFactory.swift */ = {isa = PBXFileReference; lastKnownFileType = sourcecode.swift; path = ModelContainerFactory.swift; sourceTree = "<group>"; };
48BE72EA4F4952D2AB951A8B /* SwiftDataRepositories.swift */ = {isa = PBXFileReference; lastKnownFileType = sourcecode.swift; path = SwiftDataRepositories.swift; sourceTree = "<group>"; };
5E074E6E741E534093312C32 /* MareDeskApp.swift */ = {isa = PBXFileReference; lastKnownFileType = sourcecode.swift; path = MareDeskApp.swift; sourceTree = "<group>"; };
ECDC0383F1BD56A581DC05BA /* DeskSidebar.swift */ = {isa = PBXFileReference; lastKnownFileType = sourcecode.swift; path = DeskSidebar.swift; sourceTree = "<group>"; };
FDDAA6CAE5B0532ABE735340 /* DeskTheme.swift */ = {isa = PBXFileReference; lastKnownFileType = sourcecode.swift; path = DeskTheme.swift; sourceTree = "<group>"; };
F06EE4709F17566FACBEE938 = {isa = PBXGroup; children = (E375BD107DD759EBA20CFBFE /* MareDesk */, D9A9174B6FD550C69B4C0878 /* Products */); sourceTree = "<group>"; };
E375BD107DD759EBA20CFBFE = {isa = PBXGroup; children = (5E074E6E741E534093312C32, 7A6679FCB0F45BD0BF2C2BA9, F32BC14CD35D5AB8BA2FC569, 2C50B438BF625CFE9A2E1A20, D109C481E5FB514C8510855E, 05E6A520681657F1AEAD1868, 41B61935ACAD5603B7273E6A); path = MareDesk; sourceTree = "<group>"; };
D9A9174B6FD550C69B4C0878 = {isa = PBXGroup; children = (464120BE58E35723ABFE6B9A /* MareDesk.app */); name = Products; sourceTree = "<group>"; };
7A6679FCB0F45BD0BF2C2BA9 = {isa = PBXGroup; children = (F7EB55A85E7156A99AA83BC0, F4B6BD7980D05FBC89942A20); path = App; sourceTree = "<group>"; };
F32BC14CD35D5AB8BA2FC569 = {isa = PBXGroup; children = (A0978073876B56F3BEF5735A, 2B49519289C05289966C3E01, 310F6D93C38757AF98074859); path = Application; sourceTree = "<group>"; };
2C50B438BF625CFE9A2E1A20 = {isa = PBXGroup; children = (EFC289D2E3AA5A43A3C3FF0D, FA47DCC007A45560A4A6642A, 7F760C6D702B5790B04A28C2); path = Domain; sourceTree = "<group>"; };
D109C481E5FB514C8510855E = {isa = PBXGroup; children = (D71FBC9005155ECD9D24B842, FE95FDB03AF2585C93537E02, 9150C51A7A5E5222A6028716, DEB7739C42DC55749C76C9A4, 288F0D07675157CE8E371110, 40A945480F9359AD9846F904); path = Features; sourceTree = "<group>"; };
05E6A520681657F1AEAD1868 = {isa = PBXGroup; children = (EB0AADD5298D557D83957FAF, 6B524EBFB0C2553AB5B47C3F, F601234567890ABCDEF0123 /* Brokerage */, AA02CB0F02835B56B2E0FDF6, E79A240DE44155D6875050C6); path = Infrastructure; sourceTree = "<group>"; };
F601234567890ABCDEF0123 = {isa = PBXGroup; children = (C3D4E501234567890ABCDE1 /* IBKRBrokerageProvider.swift */); path = Brokerage; sourceTree = "<group>"; };
41B61935ACAD5603B7273E6A = {isa = PBXGroup; children = (0046704A70E3517EAFF7BB67, FD3FE7BB618E5B5A95DDD124); path = Presentation; sourceTree = "<group>"; };
A0978073876B56F3BEF5735A = {isa = PBXGroup; children = (5E3A9D59F9555B8C8D8B6ED3); path = Protocols; sourceTree = "<group>"; };
2B49519289C05289966C3E01 = {isa = PBXGroup; children = (BD74BF18BC475EA78EBBE1ED, 913D9190258F5C1D9F52D574, D4E5F601234567890ABCDEF /* OperatorRuntimeStatus.swift */); path = Services; sourceTree = "<group>"; };
310F6D93C38757AF98074859 = {isa = PBXGroup; children = (A83B5086126A59EE8B95ADD9, 7B4B64BC02BD52D0877D7D8C, 090A764D85A95FB9BDCCE3B5, 436BD4E00732541196141D73, E5F601234567890ABCDEF01 /* RestoreCaptureUseCase.swift */); path = UseCases; sourceTree = "<group>"; };
EFC289D2E3AA5A43A3C3FF0D = {isa = PBXGroup; children = (C1989BD3A16D5A00B4DA57B9); path = Enums; sourceTree = "<group>"; };
FA47DCC007A45560A4A6642A = {isa = PBXGroup; children = (A2BD923700D45B19BB69536F, 9E104F5332F95BA5B2CDF7DD, 191A2EEE884C5CB2B79D3003, 4B4069FCAC635913821389F4, 9524858C3E9153B886B70384, 1D32F2B6DA5D56FB80D5C80B, EE4C14E1E1C15833AAA12485, 604D3B46F7B450DAA5BB450D); path = Models; sourceTree = "<group>"; };
7F760C6D702B5790B04A28C2 = {isa = PBXGroup; children = (81D18840238357A4A8B7ACFF); path = ValueObjects; sourceTree = "<group>"; };
D71FBC9005155ECD9D24B842 = {isa = PBXGroup; children = (EF8CD5D11E195FD9961396FA); path = History; sourceTree = "<group>"; };
FE95FDB03AF2585C93537E02 = {isa = PBXGroup; children = (80F39A188C575C16BC853B5F); path = Macro; sourceTree = "<group>"; };
9150C51A7A5E5222A6028716 = {isa = PBXGroup; children = (932F3EBB4BAC597481216EE4, 145AA7D19F355254997A50A1); path = Overview; sourceTree = "<group>"; };
DEB7739C42DC55749C76C9A4 = {isa = PBXGroup; children = (02150C18FB905A39ADC4D2DC, ACCAB8907AD95BA2A7846AD2); path = Portfolio; sourceTree = "<group>"; };
288F0D07675157CE8E371110 = {isa = PBXGroup; children = (8059C04FEC3B5E138E9C9C8B); path = RealEstate; sourceTree = "<group>"; };
40A945480F9359AD9846F904 = {isa = PBXGroup; children = (3A6E2A89356A553CB9D80EA9); path = Settings; sourceTree = "<group>"; };
EB0AADD5298D557D83957FAF = {isa = PBXGroup; children = (59B81CD3C6EA528BA900E4D1); path = AI; sourceTree = "<group>"; };
6B524EBFB0C2553AB5B47C3F = {isa = PBXGroup; children = (FE37C28968B156549A32ED64, 4D7DC9DD7029560C9DE836F4, B1C2D3E4F5A6789012345678); path = Import; sourceTree = "<group>"; };
AA02CB0F02835B56B2E0FDF6 = {isa = PBXGroup; children = (2F5EC47B39D150A5A78A4C16); path = Logging; sourceTree = "<group>"; };
E79A240DE44155D6875050C6 = {isa = PBXGroup; children = (C63E9E22B6C9523EA1D53322, 48BE72EA4F4952D2AB951A8B); path = Persistence; sourceTree = "<group>"; };
0046704A70E3517EAFF7BB67 = {isa = PBXGroup; children = (ECDC0383F1BD56A581DC05BA); path = Navigation; sourceTree = "<group>"; };
FD3FE7BB618E5B5A95DDD124 = {isa = PBXGroup; children = (FDDAA6CAE5B0532ABE735340); path = Theme; sourceTree = "<group>"; };
51C3B61488305CFD9155F317 /* AppDependencies.swift in Sources */ = {isa = PBXBuildFile; fileRef = F7EB55A85E7156A99AA83BC0 /* AppDependencies.swift */; };
EA377854CDA6558CB3FE2595 /* RootView.swift in Sources */ = {isa = PBXBuildFile; fileRef = F4B6BD7980D05FBC89942A20 /* RootView.swift */; };
4AD5741FBB665ACF86DFF656 /* Repositories.swift in Sources */ = {isa = PBXBuildFile; fileRef = 5E3A9D59F9555B8C8D8B6ED3 /* Repositories.swift */; };
4C181C592FC1517DAF73B73D /* OverviewAssembler.swift in Sources */ = {isa = PBXBuildFile; fileRef = BD74BF18BC475EA78EBBE1ED /* OverviewAssembler.swift */; };
A73B0D8A30CE52C3A3F3342E /* PortfolioMetricsEngine.swift in Sources */ = {isa = PBXBuildFile; fileRef = 913D9190258F5C1D9F52D574 /* PortfolioMetricsEngine.swift */; };
B512C9F286CB51219D20057F /* FilterHoldingsUseCase.swift in Sources */ = {isa = PBXBuildFile; fileRef = A83B5086126A59EE8B95ADD9 /* FilterHoldingsUseCase.swift */; };
9FFCE6BFE9B15DC18CBA7D48 /* ImportCaptureUseCase.swift in Sources */ = {isa = PBXBuildFile; fileRef = 7B4B64BC02BD52D0877D7D8C /* ImportCaptureUseCase.swift */; };
DB8888FD316A541EBF95CF18 /* LoadCaptureHistoryUseCase.swift in Sources */ = {isa = PBXBuildFile; fileRef = 090A764D85A95FB9BDCCE3B5 /* LoadCaptureHistoryUseCase.swift */; };
DBC92679F9CB5321882F7077 /* LoadOverviewUseCase.swift in Sources */ = {isa = PBXBuildFile; fileRef = 436BD4E00732541196141D73 /* LoadOverviewUseCase.swift */; };
506EBF37FCEF5636A6624520 /* HoldingStatus.swift in Sources */ = {isa = PBXBuildFile; fileRef = C1989BD3A16D5A00B4DA57B9 /* HoldingStatus.swift */; };
244C6B9BEC9B5EDFBCC53AB2 /* AssetCategory.swift in Sources */ = {isa = PBXBuildFile; fileRef = A2BD923700D45B19BB69536F /* AssetCategory.swift */; };
65DA1BD233F05D7C98F0BBE1 /* CaptureEvent.swift in Sources */ = {isa = PBXBuildFile; fileRef = 9E104F5332F95BA5B2CDF7DD /* CaptureEvent.swift */; };
A03741FA6A7B5432892641B7 /* DeskKind.swift in Sources */ = {isa = PBXBuildFile; fileRef = 191A2EEE884C5CB2B79D3003 /* DeskKind.swift */; };
A3C095353C4057689B9B2ECB /* FrozenCapturePayload.swift in Sources */ = {isa = PBXBuildFile; fileRef = 4B4069FCAC635913821389F4 /* FrozenCapturePayload.swift */; };
F9648B319E31599CBCEC0893 /* Holding.swift in Sources */ = {isa = PBXBuildFile; fileRef = 9524858C3E9153B886B70384 /* Holding.swift */; };
4D9890EE9DC05475B75E63AF /* MacroIndicator.swift in Sources */ = {isa = PBXBuildFile; fileRef = 1D32F2B6DA5D56FB80D5C80B /* MacroIndicator.swift */; };
12F341B96B6F5D629CF5F8B4 /* OperatorMemo.swift in Sources */ = {isa = PBXBuildFile; fileRef = EE4C14E1E1C15833AAA12485 /* OperatorMemo.swift */; };
0184D6632E9E5602A78C6175 /* PropertyRecord.swift in Sources */ = {isa = PBXBuildFile; fileRef = 604D3B46F7B450DAA5BB450D /* PropertyRecord.swift */; };
70A96674047154B181B88C61 /* Money.swift in Sources */ = {isa = PBXBuildFile; fileRef = 81D18840238357A4A8B7ACFF /* Money.swift */; };
FAAAE4C411F65145A5FA0D3B /* CaptureHistoryView.swift in Sources */ = {isa = PBXBuildFile; fileRef = EF8CD5D11E195FD9961396FA /* CaptureHistoryView.swift */; };
05265C6884C05E3B9F2CE008 /* MacroDeskView.swift in Sources */ = {isa = PBXBuildFile; fileRef = 80F39A188C575C16BC853B5F /* MacroDeskView.swift */; };
E5303F1DFBC150488BA53D40 /* OverviewView.swift in Sources */ = {isa = PBXBuildFile; fileRef = 932F3EBB4BAC597481216EE4 /* OverviewView.swift */; };
0FBBB1581C15583DA629D7FC /* OverviewViewModel.swift in Sources */ = {isa = PBXBuildFile; fileRef = 145AA7D19F355254997A50A1 /* OverviewViewModel.swift */; };
023B830B19D157398E202929 /* PortfolioDeskView.swift in Sources */ = {isa = PBXBuildFile; fileRef = 02150C18FB905A39ADC4D2DC /* PortfolioDeskView.swift */; };
024CCDABA7BC5E89BB40D79A /* PortfolioDeskViewModel.swift in Sources */ = {isa = PBXBuildFile; fileRef = ACCAB8907AD95BA2A7846AD2 /* PortfolioDeskViewModel.swift */; };
07DD70EA33A65A5DBB04F3A8 /* PropertyDeskView.swift in Sources */ = {isa = PBXBuildFile; fileRef = 8059C04FEC3B5E138E9C9C8B /* PropertyDeskView.swift */; };
5F37458FB1C256AB900C0CF3 /* SettingsView.swift in Sources */ = {isa = PBXBuildFile; fileRef = 3A6E2A89356A553CB9D80EA9 /* SettingsView.swift */; };
18DC22CE357E567CB1A1F83E /* AIProviders.swift in Sources */ = {isa = PBXBuildFile; fileRef = 59B81CD3C6EA528BA900E4D1 /* AIProviders.swift */; };
8FBA5AE748F95EE7ADEAEC3C /* CaptureBundleLocator.swift in Sources */ = {isa = PBXBuildFile; fileRef = FE37C28968B156549A32ED64 /* CaptureBundleLocator.swift */; };
0C1424C0EF13566A9783B74E /* GMCJSONImporter.swift in Sources */ = {isa = PBXBuildFile; fileRef = 4D7DC9DD7029560C9DE836F4 /* GMCJSONImporter.swift */; };
A1B2C3D4E5F6789012345679 /* SecurityScopedAccess.swift in Sources */ = {isa = PBXBuildFile; fileRef = B1C2D3E4F5A6789012345678 /* SecurityScopedAccess.swift */; };
A42EB438A46D59B398A79F3C /* AppLogger.swift in Sources */ = {isa = PBXBuildFile; fileRef = 2F5EC47B39D150A5A78A4C16 /* AppLogger.swift */; };
89FAFDF42E30508DAFE273E1 /* ModelContainerFactory.swift in Sources */ = {isa = PBXBuildFile; fileRef = C63E9E22B6C9523EA1D53322 /* ModelContainerFactory.swift */; };
AB2EF8AF58C25450833571EC /* SwiftDataRepositories.swift in Sources */ = {isa = PBXBuildFile; fileRef = 48BE72EA4F4952D2AB951A8B /* SwiftDataRepositories.swift */; };
8E6A7BB12628500F869ABA9C /* MareDeskApp.swift in Sources */ = {isa = PBXBuildFile; fileRef = 5E074E6E741E534093312C32 /* MareDeskApp.swift */; };
00C2AC7FD0995D04B36BEA64 /* DeskSidebar.swift in Sources */ = {isa = PBXBuildFile; fileRef = ECDC0383F1BD56A581DC05BA /* DeskSidebar.swift */; };
9767FEABF2DA5E498B070FCA /* DeskTheme.swift in Sources */ = {isa = PBXBuildFile; fileRef = FDDAA6CAE5B0532ABE735340 /* DeskTheme.swift */; };
D4E5F611234567890ABCDEF /* OperatorRuntimeStatus.swift in Sources */ = {isa = PBXBuildFile; fileRef = D4E5F601234567890ABCDEF /* OperatorRuntimeStatus.swift */; };
C3D4E511234567890ABCDE1 /* IBKRBrokerageProvider.swift in Sources */ = {isa = PBXBuildFile; fileRef = C3D4E501234567890ABCDE1 /* IBKRBrokerageProvider.swift */; };
E5F60111234567890ABCDEF01 /* RestoreCaptureUseCase.swift in Sources */ = {isa = PBXBuildFile; fileRef = E5F601234567890ABCDEF01 /* RestoreCaptureUseCase.swift */; };
D4E5F601234567890ABCDEF /* OperatorRuntimeStatus.swift */ = {isa = PBXFileReference; lastKnownFileType = sourcecode.swift; path = OperatorRuntimeStatus.swift; sourceTree = "<group>"; };
C3D4E501234567890ABCDE1 /* IBKRBrokerageProvider.swift */ = {isa = PBXFileReference; lastKnownFileType = sourcecode.swift; path = IBKRBrokerageProvider.swift; sourceTree = "<group>"; };
E5F601234567890ABCDEF01 /* RestoreCaptureUseCase.swift */ = {isa = PBXFileReference; lastKnownFileType = sourcecode.swift; path = RestoreCaptureUseCase.swift; sourceTree = "<group>"; };
46A6F80F5F125A5C8D0B42D0 /* Sources */ = {isa = PBXSourcesBuildPhase; buildActionMask = 2147483647; files = (51C3B61488305CFD9155F317 /* AppDependencies.swift in Sources */, EA377854CDA6558CB3FE2595 /* RootView.swift in Sources */, 4AD5741FBB665ACF86DFF656 /* Repositories.swift in Sources */, 4C181C592FC1517DAF73B73D /* OverviewAssembler.swift in Sources */, A73B0D8A30CE52C3A3F3342E /* PortfolioMetricsEngine.swift in Sources */, B512C9F286CB51219D20057F /* FilterHoldingsUseCase.swift in Sources */, 9FFCE6BFE9B15DC18CBA7D48 /* ImportCaptureUseCase.swift in Sources */, DB8888FD316A541EBF95CF18 /* LoadCaptureHistoryUseCase.swift in Sources */, DBC92679F9CB5321882F7077 /* LoadOverviewUseCase.swift in Sources */, 506EBF37FCEF5636A6624520 /* HoldingStatus.swift in Sources */, 244C6B9BEC9B5EDFBCC53AB2 /* AssetCategory.swift in Sources */, 65DA1BD233F05D7C98F0BBE1 /* CaptureEvent.swift in Sources */, A03741FA6A7B5432892641B7 /* DeskKind.swift in Sources */, A3C095353C4057689B9B2ECB /* FrozenCapturePayload.swift in Sources */, F9648B319E31599CBCEC0893 /* Holding.swift in Sources */, 4D9890EE9DC05475B75E63AF /* MacroIndicator.swift in Sources */, 12F341B96B6F5D629CF5F8B4 /* OperatorMemo.swift in Sources */, 0184D6632E9E5602A78C6175 /* PropertyRecord.swift in Sources */, 70A96674047154B181B88C61 /* Money.swift in Sources */, FAAAE4C411F65145A5FA0D3B /* CaptureHistoryView.swift in Sources */, 05265C6884C05E3B9F2CE008 /* MacroDeskView.swift in Sources */, E5303F1DFBC150488BA53D40 /* OverviewView.swift in Sources */, 0FBBB1581C15583DA629D7FC /* OverviewViewModel.swift in Sources */, 023B830B19D157398E202929 /* PortfolioDeskView.swift in Sources */, 024CCDABA7BC5E89BB40D79A /* PortfolioDeskViewModel.swift in Sources */, 07DD70EA33A65A5DBB04F3A8 /* PropertyDeskView.swift in Sources */, 5F37458FB1C256AB900C0CF3 /* SettingsView.swift in Sources */, 18DC22CE357E567CB1A1F83E /* AIProviders.swift in Sources */, 8FBA5AE748F95EE7ADEAEC3C /* CaptureBundleLocator.swift in Sources */, 0C1424C0EF13566A9783B74E /* GMCJSONImporter.swift in Sources */, A1B2C3D4E5F6789012345679 /* SecurityScopedAccess.swift in Sources */, A42EB438A46D59B398A79F3C /* AppLogger.swift in Sources */, 89FAFDF42E30508DAFE273E1 /* ModelContainerFactory.swift in Sources */, AB2EF8AF58C25450833571EC /* SwiftDataRepositories.swift in Sources */, 8E6A7BB12628500F869ABA9C /* MareDeskApp.swift in Sources */, 00C2AC7FD0995D04B36BEA64 /* DeskSidebar.swift in Sources */, 9767FEABF2DA5E498B070FCA /* DeskTheme.swift in Sources */, D4E5F611234567890ABCDEF /* OperatorRuntimeStatus.swift in Sources */, C3D4E511234567890ABCDE1 /* IBKRBrokerageProvider.swift in Sources */, E5F60111234567890ABCDEF01 /* RestoreCaptureUseCase.swift in Sources */); runOnlyForDeploymentPostprocessing = 0; };
8171EF2C82D956CA99A16AFF /* Frameworks */ = {isa = PBXFrameworksBuildPhase; buildActionMask = 2147483647; files = (); runOnlyForDeploymentPostprocessing = 0; };
57AD14A9A1C3502AA941325D /* Resources */ = {isa = PBXResourcesBuildPhase; buildActionMask = 2147483647; files = (); runOnlyForDeploymentPostprocessing = 0; };
61CCE653B4C5566480A0A709 /* MareDesk */ = {isa = PBXNativeTarget; buildConfigurationList = 7E768AB018E756B09A2C7806; buildPhases = (46A6F80F5F125A5C8D0B42D0 /* Sources */, 8171EF2C82D956CA99A16AFF /* Frameworks */, 57AD14A9A1C3502AA941325D /* Resources */); buildRules = (); dependencies = (); name = MareDesk; productName = MareDesk; productReference = 464120BE58E35723ABFE6B9A /* MareDesk.app */; productType = "com.apple.product-type.application"; };
D628296EA6BD57128CD1B32B /* Project object */ = {isa = PBXProject; attributes = {BuildIndependentTargetsInParallel = 1; LastSwiftUpdateCheck = 1600; LastUpgradeCheck = 1600;}; buildConfigurationList = 10ACB789091B5D29B2B4B39C; compatibilityVersion = "Xcode 14.0"; developmentRegion = en; hasScannedForEncodings = 0; knownRegions = (en, Base); mainGroup = F06EE4709F17566FACBEE938; productRefGroup = D9A9174B6FD550C69B4C0878; projectDirPath = ""; projectRoot = ""; targets = (61CCE653B4C5566480A0A709 /* MareDesk */); };
AA30A6CF800255F5AD53CE54 /* Debug */ = {isa = XCBuildConfiguration; buildSettings = {ALWAYS_SEARCH_USER_PATHS = NO; CLANG_ENABLE_MODULES = YES; SWIFT_VERSION = 6.0;}; name = Debug; };
627AC76FC5D55E2B8FE5CBBC /* Release */ = {isa = XCBuildConfiguration; buildSettings = {ALWAYS_SEARCH_USER_PATHS = NO; CLANG_ENABLE_MODULES = YES; SWIFT_VERSION = 6.0;}; name = Release; };
1810EBFD796A5447891D865F /* Debug */ = {isa = XCBuildConfiguration; buildSettings = {CODE_SIGN_ENTITLEMENTS = MareDesk/MareDesk.entitlements; COMBINE_HIDPI_IMAGES = YES; CURRENT_PROJECT_VERSION = 1; ENABLE_HARDENED_RUNTIME = YES; GENERATE_INFOPLIST_FILE = YES; INFOPLIST_KEY_CFBundleDisplayName = "Mare Desk"; INFOPLIST_KEY_LSApplicationCategoryType = "public.app-category.finance"; LD_RUNPATH_SEARCH_PATHS = "$(inherited) @executable_path/../Frameworks"; MACOSX_DEPLOYMENT_TARGET = 15.0; MARKETING_VERSION = 1.0; PRODUCT_BUNDLE_IDENTIFIER = com.giovanninimare.MareDesk; PRODUCT_NAME = "$(TARGET_NAME)"; SWIFT_EMIT_LOC_STRINGS = YES; SWIFT_VERSION = 6.0;}; name = Debug; };
959E160B02F15F74B6C82287 /* Release */ = {isa = XCBuildConfiguration; buildSettings = {CODE_SIGN_ENTITLEMENTS = MareDesk/MareDesk.entitlements; COMBINE_HIDPI_IMAGES = YES; CURRENT_PROJECT_VERSION = 1; ENABLE_HARDENED_RUNTIME = YES; GENERATE_INFOPLIST_FILE = YES; INFOPLIST_KEY_CFBundleDisplayName = "Mare Desk"; INFOPLIST_KEY_LSApplicationCategoryType = "public.app-category.finance"; LD_RUNPATH_SEARCH_PATHS = "$(inherited) @executable_path/../Frameworks"; MACOSX_DEPLOYMENT_TARGET = 15.0; MARKETING_VERSION = 1.0; PRODUCT_BUNDLE_IDENTIFIER = com.giovanninimare.MareDesk; PRODUCT_NAME = "$(TARGET_NAME)"; SWIFT_EMIT_LOC_STRINGS = YES; SWIFT_VERSION = 6.0;}; name = Release; };
10ACB789091B5D29B2B4B39C = {isa = XCConfigurationList; buildConfigurations = (AA30A6CF800255F5AD53CE54 /* Debug */, 627AC76FC5D55E2B8FE5CBBC /* Release */); defaultConfigurationIsVisible = 0; defaultConfigurationName = Release; };
7E768AB018E756B09A2C7806 = {isa = XCConfigurationList; buildConfigurations = (1810EBFD796A5447891D865F /* Debug */, 959E160B02F15F74B6C82287 /* Release */); defaultConfigurationIsVisible = 0; defaultConfigurationName = Release; };
};
rootObject = D628296EA6BD57128CD1B32B /* Project object */;
}
